{
  "nodes": {
    "nixpkgs": {
      "locked": {
        "lastModified": 1681924815,
        "narHash": "sha256-dJNGJNqLgHXqT4gyPiK7nUuvfLoskwf4mbQciJGTCfo=",
        "owner": "olafklingt",
        "repo": "nixpkgs",
        "rev": "0355d4bfb7abcf26e9e5797be83073251b99fd4f",
        "type": "github"
      },
      "original": {
        "owner": "olafklingt",
        "ref": "faust",
        "repo": "nixpkgs",
        "type": "github"
      }
    },
    "root": {
      "inputs": {
        "nixpkgs": "nixpkgs"
      }
    }
  },
  "root": "root",
  "version": 7
}
